
Microsoft Visual Studio Solution File, Format Version 12.00
# Visual Studio Version 17
VisualStudioVersion = 17.9.34526.213
MinimumVisualStudioVersion = 10.0.40219.1
Project("{FAE04EC0-301F-11D3-BF4B-00C04F79EFBC}") = "PicHub.Server", "PicHub.Server\PicHub.Server.csproj", "{963E0320-2F2F-433F-A37A-F7EA6D0EB35B}"
EndProject
Project("{54A90642-561A-4BB1-A94E-469ADEE60C69}") = "pichub.client", "pichub.client\pichub.client.esproj", "{94C0F1A9-E848-4225-A6F6-41B73BB8BBE7}"
EndProject
Project("{FAE04EC0-301F-11D3-BF4B-00C04F79EFBC}") = "PicHub.UnitTests", "PicHub.UnitTests\PicHub.UnitTests.csproj", "{940E04D8-DB20-414E-BAA5-E6722EF5A52F}"
EndProject
Project("{FAE04EC0-301F-11D3-BF4B-00C04F79EFBC}") = "PicHub.IntegrationTests", "PicHub.IntegrationTests\PicHub.IntegrationTests.csproj", "{EC2B97A1-90F9-42DB-9EB0-1A8C2422AC00}"
EndProject
Global
	GlobalSection(SolutionConfigurationPlatforms) = preSolution
		Debug|Any CPU = Debug|Any CPU
		Release|Any CPU = Release|Any CPU
	EndGlobalSection
	GlobalSection(ProjectConfigurationPlatforms) = postSolution
		{963E0320-2F2F-433F-A37A-F7EA6D0EB35B}.Debug|Any CPU.ActiveCfg = Debug|Any CPU
		{963E0320-2F2F-433F-A37A-F7EA6D0EB35B}.Debug|Any CPU.Build.0 = Debug|Any CPU
		{963E0320-2F2F-433F-A37A-F7EA6D0EB35B}.Release|Any CPU.ActiveCfg = Release|Any CPU
		{963E0320-2F2F-433F-A37A-F7EA6D0EB35B}.Release|Any CPU.Build.0 = Release|Any CPU
		{94C0F1A9-E848-4225-A6F6-41B73BB8BBE7}.Debug|Any CPU.ActiveCfg = Debug|Any CPU
		{94C0F1A9-E848-4225-A6F6-41B73BB8BBE7}.Debug|Any CPU.Build.0 = Debug|Any CPU
		{94C0F1A9-E848-4225-A6F6-41B73BB8BBE7}.Debug|Any CPU.Deploy.0 = Debug|Any CPU
		{94C0F1A9-E848-4225-A6F6-41B73BB8BBE7}.Release|Any CPU.ActiveCfg = Release|Any CPU
		{94C0F1A9-E848-4225-A6F6-41B73BB8BBE7}.Release|Any CPU.Build.0 = Release|Any CPU
		{94C0F1A9-E848-4225-A6F6-41B73BB8BBE7}.Release|Any CPU.Deploy.0 = Release|Any CPU
		{E97E46C0-CAE9-4638-9989-C561891D1267}.Debug|Any CPU.ActiveCfg = Debug|Any CPU
		{E97E46C0-CAE9-4638-9989-C561891D1267}.Debug|Any CPU.Build.0 = Debug|Any CPU
		{E97E46C0-CAE9-4638-9989-C561891D1267}.Release|Any CPU.ActiveCfg = Release|Any CPU
		{E97E46C0-CAE9-4638-9989-C561891D1267}.Release|Any CPU.Build.0 = Release|Any CPU
		{940E04D8-DB20-414E-BAA5-E6722EF5A52F}.Debug|Any CPU.ActiveCfg = Debug|Any CPU
		{940E04D8-DB20-414E-BAA5-E6722EF5A52F}.Debug|Any CPU.Build.0 = Debug|Any CPU
		{940E04D8-DB20-414E-BAA5-E6722EF5A52F}.Release|Any CPU.ActiveCfg = Release|Any CPU
		{940E04D8-DB20-414E-BAA5-E6722EF5A52F}.Release|Any CPU.Build.0 = Release|Any CPU
		{EC2B97A1-90F9-42DB-9EB0-1A8C2422AC00}.Debug|Any CPU.ActiveCfg = Debug|Any CPU
		{EC2B97A1-90F9-42DB-9EB0-1A8C2422AC00}.Debug|Any CPU.Build.0 = Debug|Any CPU
		{EC2B97A1-90F9-42DB-9EB0-1A8C2422AC00}.Release|Any CPU.ActiveCfg = Release|Any CPU
		{EC2B97A1-90F9-42DB-9EB0-1A8C2422AC00}.Release|Any CPU.Build.0 = Release|Any CPU
	EndGlobalSection
	GlobalSection(SolutionProperties) = preSolution
		HideSolutionNode = FALSE
	EndGlobalSection
	GlobalSection(ExtensibilityGlobals) = postSolution
		SolutionGuid = {0993147F-EFE3-4744-9704-094454C316D4}
	EndGlobalSection
EndGlobal
